# This file is automatically @generated by Cargo.
# It is not intended for manual editing.
version = 4

[[package]]
name = "polygon-bot"
version = "0.1.0"

[[package]]
name = "polygon-core"
version = "0.1.0"

[[package]]
name = "polygon-dex"
version = "0.1.0"

[[package]]
name = "polygon-executor"
version = "0.1.0"

[[package]]
name = "polygon-feeds"
version = "0.1.0"

[[package]]
name = "polygon-rpc"
version = "0.1.0"

[[package]]
name = "polygon-strategy"
version = "0.1.0"
